{
  "name": "sphinx-revealjs",
  "lockfileVersion": 3,
  "requires": true,
  "packages": {
    "": {
      "name": "sphinx-revealjs",
      "dependencies": {
        "reveal.js": "^5.2.1"
      }
    },
    "node_modules/reveal.js": {
      "version": "5.2.1",
      "resolved": "https://registry.npmjs.org/reveal.js/-/reveal.js-5.2.1.tgz",
      "integrity": "sha512-r7//6mIM5p34hFiDMvYfXgyjXqGRta+/psd9YtytsgRlrpRzFv4RbH76TXd2qD+7ZPZEbpBDhdRhJaFgfQ7zNQ==",
      "license": "MIT",
      "engines": {
        "node": ">=18.0.0"
      }
    }
  }
}
