{
  "name": "sphinx-revealjs",
  "lockfileVersion": 3,
  "requires": true,
  "packages": {
    "": {
      "name": "sphinx-revealjs",
      "dependencies": {
        "reveal.js": "^5.0.5"
      }
    },
    "node_modules/reveal.js": {
      "version": "5.0.5",
      "resolved": "https://registry.npmjs.org/reveal.js/-/reveal.js-5.0.5.tgz",
      "integrity": "sha512-MPWPV/cRlkZhh72dAGYv/bUCr9ulwM2/ucCqiL/KN4tvhb6VvN49iwOyWHE08wppj8lMQXi2xbS3kyKgfyTYqg==",
      "engines": {
        "node": ">=18.0.0"
      }
    }
  }
}
