{
  "name": "sphinx-revealjs",
  "lockfileVersion": 3,
  "requires": true,
  "packages": {
    "": {
      "name": "sphinx-revealjs",
      "dependencies": {
        "reveal.js": "^4.6.1"
      }
    },
    "node_modules/reveal.js": {
      "version": "4.6.1",
      "resolved": "https://registry.npmjs.org/reveal.js/-/reveal.js-4.6.1.tgz",
      "integrity": "sha512-1CW0auaXNPmwmvQ7TwpszwVxMi2Xr5cTS3J3EBC/HHgbPF32Dn7aiu/LKWDOGjMbaDwKQiGmfqcoGQ74HUHCMw==",
      "engines": {
        "node": ">=10.0.0"
      }
    }
  }
}
