{
  "name": "sphinx-revealjs",
  "requires": true,
  "lockfileVersion": 1,
  "dependencies": {
    "reveal.js": {
      "version": "4.1.3",
      "resolved": "https://registry.npmjs.org/reveal.js/-/reveal.js-4.1.3.tgz",
      "integrity": "sha512-5VbL4nVDUedVKnOIIM3UQAIUlp+CvR/SrUkrN5GDoVfcWJAxH2oIh7PWyShy7+pE7tgkH2q+3e5EikGRpgE+oA=="
    }
  }
}
