{
  "name": "sphinx-revealjs",
  "lockfileVersion": 2,
  "requires": true,
  "packages": {
    "": {
      "name": "sphinx-revealjs",
      "dependencies": {
        "reveal.js": "^4"
      }
    },
    "node_modules/reveal.js": {
      "version": "4.2.0",
      "resolved": "https://registry.npmjs.org/reveal.js/-/reveal.js-4.2.0.tgz",
      "integrity": "sha512-ukvq+a/kBu88jCJaQBCkYQ+vjaNUhlI50Y2GlNl4MS6OVnFHL+2Jb6XBZS4MDRWs3lLZAA3wXEu3xKFn8ebX0A==",
      "engines": {
        "node": ">=10.0.0"
      }
    }
  },
  "dependencies": {
    "reveal.js": {
      "version": "4.2.0",
      "resolved": "https://registry.npmjs.org/reveal.js/-/reveal.js-4.2.0.tgz",
      "integrity": "sha512-ukvq+a/kBu88jCJaQBCkYQ+vjaNUhlI50Y2GlNl4MS6OVnFHL+2Jb6XBZS4MDRWs3lLZAA3wXEu3xKFn8ebX0A=="
    }
  }
}
