{
  "name": "sphinx-revealjs",
  "lockfileVersion": 2,
  "requires": true,
  "packages": {
    "": {
      "name": "sphinx-revealjs",
      "dependencies": {
        "reveal.js": "^4.4.0"
      }
    },
    "node_modules/reveal.js": {
      "version": "4.4.0",
      "resolved": "https://registry.npmjs.org/reveal.js/-/reveal.js-4.4.0.tgz",
      "integrity": "sha512-jIV6C9V2NEUjGzU8L6dUFGpk1KJmq7/EzP2fOW67ggc2c0Cp/PdprWxZ9Qgp46F0T2ZWDCjQ1p3Ytzy5jA6a2w==",
      "engines": {
        "node": ">=10.0.0"
      }
    }
  },
  "dependencies": {
    "reveal.js": {
      "version": "4.4.0",
      "resolved": "https://registry.npmjs.org/reveal.js/-/reveal.js-4.4.0.tgz",
      "integrity": "sha512-jIV6C9V2NEUjGzU8L6dUFGpk1KJmq7/EzP2fOW67ggc2c0Cp/PdprWxZ9Qgp46F0T2ZWDCjQ1p3Ytzy5jA6a2w=="
    }
  }
}
